{
  "version": 4,
  "terraform_version": "1.12.2",
  "serial": 1089,
  "lineage": "3e28000d-8942-2245-a8e0-8e20b866ecac",
  "outputs": {},
  "resources": [
    {
      "mode": "data",
      "type": "local_file",
      "name": "ip_info",
      "provider": "provider[\"registry.terraform.io/hashicorp/local\"]",
      "instances": [
        {
          "schema_version": 0,
          "attributes": {
            "content": "{\n  \"ip_addrs\": [\n    {\n      \"id\": \"201\",\n      \"ip\": \"192.168.0.3\",\n      \"ip6\": \"2600:8800:4815:1700::454c\"\n    },\n    {\n      \"id\": \"200\",\n      \"ip\": \"192.168.0.119\",\n      \"ip6\": \"2600:8800:4815:1700::7df8\"\n    }\n  ]\n}\n",
            "content_base64": "ewogICJpcF9hZGRycyI6IFsKICAgIHsKICAgICAgImlkIjogIjIwMSIsCiAgICAgICJpcCI6ICIxOTIuMTY4LjAuMyIsCiAgICAgICJpcDYiOiAiMjYwMDo4ODAwOjQ4MTU6MTcwMDo6NDU0YyIKICAgIH0sCiAgICB7CiAgICAgICJpZCI6ICIyMDAiLAogICAgICAiaXAiOiAiMTkyLjE2OC4wLjExOSIsCiAgICAgICJpcDYiOiAiMjYwMDo4ODAwOjQ4MTU6MTcwMDo6N2RmOCIKICAgIH0KICBdCn0K",
            "content_base64sha256": "wq5T6to0C4oXJ7YX2Yt4jvIA9W0X9W4FOBI9mXfACKk=",
            "content_base64sha512": "rPAIrhAshyfHRIt96VhX/FlMn35jLnDgYKb8I1hNYYdMFZOAqa54mFZn+RYjRhCdc2jUwwbUrHUvCCP7HgiWxg==",
            "content_md5": "3ed945376103484fd3dbdfd646153b75",
            "content_sha1": "883fce9038a6f50c053627dfa427c2d12b863acb",
            "content_sha256": "c2ae53eada340b8a1727b617d98b788ef200f56d17f56e0538123d9977c008a9",
            "content_sha512": "acf008ae102c8727c7448b7de95857fc594c9f7e632e70e060a6fc23584d61874c159380a9ae78985667f9162346109d7368d4c306d4ac752f0823fb1e0896c6",
            "filename": "/home/xs/src/AD-IaC-Lab-walkthrough/configuration/ip_info.json",
            "id": "883fce9038a6f50c053627dfa427c2d12b863acb"
          },
          "sensitive_attributes": [],
          "identity_schema_version": 0
        }
      ]
    },
    {
      "mode": "managed",
      "type": "ansible_host",
      "name": "windows_2025_dc",
      "provider": "provider[\"registry.terraform.io/ansible/ansible\"]",
      "instances": [
        {
          "index_key": 0,
          "schema_version": 0,
          "attributes": {
            "groups": null,
            "id": "terraform-windows-2025-0",
            "name": "terraform-windows-2025-0",
            "variables": {
              "ansible_host": "192.168.0.119",
              "ansible_host6": "2600:8800:4815:1700::7df8",
              "ansible_password": "c$7S$x1hRGlLJ@",
              "ansible_shell_type": "powershell",
              "ansible_user": "Administrator",
              "domain": "xs-labs.io",
              "dsrm": "8ejeJJA%AQ#*K2!4h#",
              "netbios": "xslabs"
            }
          },
          "sensitive_attributes": [
            [
              {
                "type": "get_attr",
                "value": "variables"
              },
              {
                "type": "index",
                "value": {
                  "value": "ansible_password",
                  "type": "string"
                }
              }
            ],
            [
              {
                "type": "get_attr",
                "value": "variables"
              },
              {
                "type": "index",
                "value": {
                  "value": "dsrm",
                  "type": "string"
                }
              }
            ]
          ],
          "identity_schema_version": 0,
          "private": "bnVsbA==",
          "dependencies": [
            "data.local_file.ip_info",
            "local_file.ip_info_file",
            "proxmox_virtual_environment_vm.windows_2025_dc"
          ]
        },
        {
          "index_key": 1,
          "schema_version": 0,
          "attributes": {
            "groups": null,
            "id": "terraform-windows-2025-1",
            "name": "terraform-windows-2025-1",
            "variables": {
              "ansible_host": "192.168.0.3",
              "ansible_host6": "2600:8800:4815:1700::454c",
              "ansible_password": "c$7S$x1hRGlLJ@",
              "ansible_shell_type": "powershell",
              "ansible_user": "Administrator",
              "domain": "xs-labs.io",
              "dsrm": "8ejeJJA%AQ#*K2!4h#",
              "netbios": "xslabs"
            }
          },
          "sensitive_attributes": [
            [
              {
                "type": "get_attr",
                "value": "variables"
              },
              {
                "type": "index",
                "value": {
                  "value": "ansible_password",
                  "type": "string"
                }
              }
            ],
            [
              {
                "type": "get_attr",
                "value": "variables"
              },
              {
                "type": "index",
                "value": {
                  "value": "dsrm",
                  "type": "string"
                }
              }
            ]
          ],
          "identity_schema_version": 0,
          "private": "bnVsbA==",
          "dependencies": [
            "data.local_file.ip_info",
            "local_file.ip_info_file",
            "proxmox_virtual_environment_vm.windows_2025_dc"
          ]
        }
      ]
    },
    {
      "mode": "managed",
      "type": "local_file",
      "name": "ip_info_file",
      "provider": "provider[\"registry.terraform.io/hashicorp/local\"]",
      "instances": [
        {
          "schema_version": 0,
          "attributes": {
            "content": null,
            "content_base64": null,
            "content_base64sha256": "wq5T6to0C4oXJ7YX2Yt4jvIA9W0X9W4FOBI9mXfACKk=",
            "content_base64sha512": "rPAIrhAshyfHRIt96VhX/FlMn35jLnDgYKb8I1hNYYdMFZOAqa54mFZn+RYjRhCdc2jUwwbUrHUvCCP7HgiWxg==",
            "content_md5": "3ed945376103484fd3dbdfd646153b75",
            "content_sha1": "883fce9038a6f50c053627dfa427c2d12b863acb",
            "content_sha256": "c2ae53eada340b8a1727b617d98b788ef200f56d17f56e0538123d9977c008a9",
            "content_sha512": "acf008ae102c8727c7448b7de95857fc594c9f7e632e70e060a6fc23584d61874c159380a9ae78985667f9162346109d7368d4c306d4ac752f0823fb1e0896c6",
            "directory_permission": "0777",
            "file_permission": "0777",
            "filename": "/home/xs/src/AD-IaC-Lab-walkthrough/configuration/ip_info.json",
            "id": "883fce9038a6f50c053627dfa427c2d12b863acb",
            "sensitive_content": null,
            "source": "/home/xs/src/AD-IaC-Lab-walkthrough/configuration/ip_info.json"
          },
          "sensitive_attributes": [
            [
              {
                "type": "get_attr",
                "value": "sensitive_content"
              }
            ]
          ],
          "identity_schema_version": 0,
          "dependencies": [
            "proxmox_virtual_environment_vm.windows_2025_dc"
          ]
        }
      ]
    },
    {
      "mode": "managed",
      "type": "null_resource",
      "name": "ansible_dc_promo_playbook",
      "provider": "provider[\"registry.terraform.io/hashicorp/null\"]",
      "instances": [
        {
          "schema_version": 0,
          "attributes": {
            "id": "643641118201289699",
            "triggers": null
          },
          "sensitive_attributes": [],
          "identity_schema_version": 0,
          "dependencies": [
            "ansible_host.windows_2025_dc",
            "data.local_file.ip_info",
            "local_file.ip_info_file",
            "proxmox_virtual_environment_vm.windows_2025_dc"
          ]
        }
      ]
    },
    {
      "mode": "managed",
      "type": "null_resource",
      "name": "remove_ip_file",
      "provider": "provider[\"registry.terraform.io/hashicorp/null\"]",
      "instances": [
        {
          "schema_version": 0,
          "attributes": {
            "id": "3602066103272783984",
            "triggers": null
          },
          "sensitive_attributes": [],
          "identity_schema_version": 0,
          "dependencies": [
            "ansible_host.windows_2025_dc",
            "data.local_file.ip_info",
            "local_file.ip_info_file",
            "null_resource.ansible_dc_promo_playbook",
            "proxmox_virtual_environment_vm.windows_2025_dc"
          ]
        }
      ]
    },
    {
      "mode": "managed",
      "type": "proxmox_virtual_environment_vm",
      "name": "windows_2025_dc",
      "provider": "provider[\"registry.terraform.io/bpg/proxmox\"]",
      "instances": [
        {
          "index_key": 0,
          "schema_version": 0,
          "attributes": {
            "acpi": true,
            "agent": [
              {
                "enabled": true,
                "timeout": "15m",
                "trim": false,
                "type": "virtio"
              }
            ],
            "audio_device": [],
            "bios": "ovmf",
            "boot_order": null,
            "cdrom": [],
            "clone": [
              {
                "datastore_id": "",
                "full": false,
                "node_name": "",
                "retries": 1,
                "vm_id": 105
              }
            ],
            "cpu": [
              {
                "affinity": "",
                "architecture": "",
                "cores": 3,
                "flags": null,
                "hotplugged": 0,
                "limit": 0,
                "numa": false,
                "sockets": 1,
                "type": "host",
                "units": 1024
              }
            ],
            "description": "Terraform managed domain controllers",
            "disk": [],
            "efi_disk": [],
            "hook_script_file_id": null,
            "hostpci": [],
            "id": "200",
            "initialization": [],
            "ipv4_addresses": [
              [
                "169.254.84.153"
              ],
              [
                "127.0.0.1"
              ]
            ],
            "ipv6_addresses": [
              [
                "2600:8800:4815:1700:243a:6612:4f87:e358",
                "fe80::48f0:27bd:54a0:9841%6"
              ],
              [
                "::1"
              ]
            ],
            "keyboard_layout": "en-us",
            "kvm_arguments": null,
            "mac_addresses": [
              "BC:24:11:42:C9:A5",
              ""
            ],
            "machine": null,
            "memory": [
              {
                "dedicated": 4048,
                "floating": 4048,
                "hugepages": "",
                "keep_hugepages": false,
                "shared": 0
              }
            ],
            "migrate": false,
            "name": "terraform-windows-2025-0",
            "network_device": [
              {
                "bridge": "vmbr0",
                "disconnected": false,
                "enabled": true,
                "firewall": true,
                "mac_address": "BC:24:11:42:C9:A5",
                "model": "virtio",
                "mtu": 0,
                "queues": 0,
                "rate_limit": 0,
                "trunks": "",
                "vlan_id": 0
              }
            ],
            "network_interface_names": [
              "Ethernet",
              "Loopback Pseudo-Interface 1"
            ],
            "node_name": "pve0",
            "numa": [],
            "on_boot": true,
            "operating_system": [],
            "pool_id": null,
            "protection": false,
            "reboot": false,
            "reboot_after_update": true,
            "rng": [],
            "scsi_hardware": "virtio-scsi-pci",
            "serial_device": [],
            "smbios": [],
            "started": true,
            "startup": [],
            "stop_on_destroy": true,
            "tablet_device": true,
            "tags": null,
            "template": false,
            "timeout_clone": 1800,
            "timeout_create": 1800,
            "timeout_migrate": 1800,
            "timeout_move_disk": 1800,
            "timeout_reboot": 1800,
            "timeout_shutdown_vm": 1800,
            "timeout_start_vm": 1800,
            "timeout_stop_vm": 300,
            "tpm_state": [],
            "usb": [],
            "vga": [],
            "virtiofs": [],
            "vm_id": 200,
            "watchdog": []
          },
          "sensitive_attributes": [],
          "identity_schema_version": 0,
          "private": "bnVsbA=="
        },
        {
          "index_key": 1,
          "schema_version": 0,
          "attributes": {
            "acpi": true,
            "agent": [
              {
                "enabled": true,
                "timeout": "15m",
                "trim": false,
                "type": "virtio"
              }
            ],
            "audio_device": [],
            "bios": "ovmf",
            "boot_order": null,
            "cdrom": [],
            "clone": [
              {
                "datastore_id": "",
                "full": false,
                "node_name": "",
                "retries": 1,
                "vm_id": 105
              }
            ],
            "cpu": [
              {
                "affinity": "",
                "architecture": "",
                "cores": 3,
                "flags": null,
                "hotplugged": 0,
                "limit": 0,
                "numa": false,
                "sockets": 1,
                "type": "host",
                "units": 1024
              }
            ],
            "description": "Terraform managed domain controllers",
            "disk": [],
            "efi_disk": [],
            "hook_script_file_id": null,
            "hostpci": [],
            "id": "201",
            "initialization": [],
            "ipv4_addresses": [
              [
                "169.254.33.92"
              ],
              [
                "127.0.0.1"
              ]
            ],
            "ipv6_addresses": [
              [
                "2600:8800:4815:1700:26cd:9b0b:ad0c:b95b",
                "fe80::134:5449:5d0f:66f3%6"
              ],
              [
                "::1"
              ]
            ],
            "keyboard_layout": "en-us",
            "kvm_arguments": null,
            "mac_addresses": [
              "BC:24:11:B8:52:FB",
              ""
            ],
            "machine": null,
            "memory": [
              {
                "dedicated": 4048,
                "floating": 4048,
                "hugepages": "",
                "keep_hugepages": false,
                "shared": 0
              }
            ],
            "migrate": false,
            "name": "terraform-windows-2025-1",
            "network_device": [
              {
                "bridge": "vmbr0",
                "disconnected": false,
                "enabled": true,
                "firewall": true,
                "mac_address": "BC:24:11:B8:52:FB",
                "model": "virtio",
                "mtu": 0,
                "queues": 0,
                "rate_limit": 0,
                "trunks": "",
                "vlan_id": 0
              }
            ],
            "network_interface_names": [
              "Ethernet",
              "Loopback Pseudo-Interface 1"
            ],
            "node_name": "pve0",
            "numa": [],
            "on_boot": true,
            "operating_system": [],
            "pool_id": null,
            "protection": false,
            "reboot": false,
            "reboot_after_update": true,
            "rng": [],
            "scsi_hardware": "virtio-scsi-pci",
            "serial_device": [],
            "smbios": [],
            "started": true,
            "startup": [],
            "stop_on_destroy": true,
            "tablet_device": true,
            "tags": null,
            "template": false,
            "timeout_clone": 1800,
            "timeout_create": 1800,
            "timeout_migrate": 1800,
            "timeout_move_disk": 1800,
            "timeout_reboot": 1800,
            "timeout_shutdown_vm": 1800,
            "timeout_start_vm": 1800,
            "timeout_stop_vm": 300,
            "tpm_state": [],
            "usb": [],
            "vga": [],
            "virtiofs": [],
            "vm_id": 201,
            "watchdog": []
          },
          "sensitive_attributes": [],
          "identity_schema_version": 0,
          "private": "bnVsbA=="
        }
      ]
    }
  ],
  "check_results": null
}
